// !$*UTF8*$!
{
	archiveVersion = 1;
	classes = {
	};
	objectVersion = 46;
	objects = {

/* Begin PBXBuildFile section */
		893F5F6B1E76EE3100834FA1 /* NetworkManager.swift in Sources */ = {isa = PBXBuildFile; fileRef = 893F5F6A1E76EE3100834FA1 /* NetworkManager.swift */; };
		894B4BF21E6EDCE600FE9D90 /* TestViewController.swift in Sources */ = {isa = PBXBuildFile; fileRef = 894B4BF11E6EDCE600FE9D90 /* TestViewController.swift */; };
		895307C31E6D18D9007AF459 /* AppDelegate.swift in Sources */ = {isa = PBXBuildFile; fileRef = 895307C21E6D18D9007AF459 /* AppDelegate.swift */; };
		895307C51E6D18D9007AF459 /* ViewController.swift in Sources */ = {isa = PBXBuildFile; fileRef = 895307C41E6D18D9007AF459 /* ViewController.swift */; };
		895307C81E6D18D9007AF459 /* Main.storyboard in Resources */ = {isa = PBXBuildFile; fileRef = 895307C61E6D18D9007AF459 /* Main.storyboard */; };
		895307CB1E6D18D9007AF459 /* CarDetecion.xcdatamodeld in Sources */ = {isa = PBXBuildFile; fileRef = 895307C91E6D18D9007AF459 /* CarDetecion.xcdatamodeld */; };
		895307D01E6D18D9007AF459 /* LaunchScreen.storyboard in Resources */ = {isa = PBXBuildFile; fileRef = 895307CE1E6D18D9007AF459 /* LaunchScreen.storyboard */; };
		895307DB1E6D18D9007AF459 /* CarDetecionTests.swift in Sources */ = {isa = PBXBuildFile; fileRef = 895307DA1E6D18D9007AF459 /* CarDetecionTests.swift */; };
		895307E61E6D18D9007AF459 /* CarDetecionUITests.swift in Sources */ = {isa = PBXBuildFile; fileRef = 895307E51E6D18D9007AF459 /* CarDetecionUITests.swift */; };
		895308091E6D7A67007AF459 /* CameraGlobals.swift in Sources */ = {isa = PBXBuildFile; fileRef = 895307F41E6D7A67007AF459 /* CameraGlobals.swift */; };
		8953080A1E6D7A67007AF459 /* CameraShot.swift in Sources */ = {isa = PBXBuildFile; fileRef = 895307F51E6D7A67007AF459 /* CameraShot.swift */; };
		8953080B1E6D7A67007AF459 /* ImageFetcher.swift in Sources */ = {isa = PBXBuildFile; fileRef = 895307F61E6D7A67007AF459 /* ImageFetcher.swift */; };
		8953080C1E6D7A67007AF459 /* PhotoLibraryAuthorizer.swift in Sources */ = {isa = PBXBuildFile; fileRef = 895307F71E6D7A67007AF459 /* PhotoLibraryAuthorizer.swift */; };
		8953080D1E6D7A67007AF459 /* SingleImageFetcher.swift in Sources */ = {isa = PBXBuildFile; fileRef = 895307F81E6D7A67007AF459 /* SingleImageFetcher.swift */; };
		8953080E1E6D7A67007AF459 /* SingleImageSaver.swift in Sources */ = {isa = PBXBuildFile; fileRef = 895307F91E6D7A67007AF459 /* SingleImageSaver.swift */; };
		8953080F1E6D7A67007AF459 /* UIButtonExtensions.swift in Sources */ = {isa = PBXBuildFile; fileRef = 895307FA1E6D7A67007AF459 /* UIButtonExtensions.swift */; };
		895308101E6D7A67007AF459 /* UIViewExtensions.swift in Sources */ = {isa = PBXBuildFile; fileRef = 895307FB1E6D7A67007AF459 /* UIViewExtensions.swift */; };
		895308111E6D7A67007AF459 /* Utilities.swift in Sources */ = {isa = PBXBuildFile; fileRef = 895307FC1E6D7A67007AF459 /* Utilities.swift */; };
		895308121E6D7A67007AF459 /* VolumeControl.swift in Sources */ = {isa = PBXBuildFile; fileRef = 895307FD1E6D7A67007AF459 /* VolumeControl.swift */; };
		895308131E6D7A67007AF459 /* CameraViewController.swift in Sources */ = {isa = PBXBuildFile; fileRef = 895307FF1E6D7A67007AF459 /* CameraViewController.swift */; };
		895308141E6D7A67007AF459 /* CameraViewControllerConstraint.swift in Sources */ = {isa = PBXBuildFile; fileRef = 895308001E6D7A67007AF459 /* CameraViewControllerConstraint.swift */; };
		895308151E6D7A67007AF459 /* ConfirmViewController.swift in Sources */ = {isa = PBXBuildFile; fileRef = 895308011E6D7A67007AF459 /* ConfirmViewController.swift */; };
		895308161E6D7A67007AF459 /* ConfirmViewController.xib in Resources */ = {isa = PBXBuildFile; fileRef = 895308021E6D7A67007AF459 /* ConfirmViewController.xib */; };
		895308171E6D7A67007AF459 /* PhotoLibraryViewController.swift in Sources */ = {isa = PBXBuildFile; fileRef = 895308031E6D7A67007AF459 /* PhotoLibraryViewController.swift */; };
		895308181E6D7A67007AF459 /* CameraView.swift in Sources */ = {isa = PBXBuildFile; fileRef = 895308051E6D7A67007AF459 /* CameraView.swift */; };
		895308191E6D7A67007AF459 /* CropOverlay.swift in Sources */ = {isa = PBXBuildFile; fileRef = 895308061E6D7A67007AF459 /* CropOverlay.swift */; };
		8953081A1E6D7A67007AF459 /* ImageCell.swift in Sources */ = {isa = PBXBuildFile; fileRef = 895308071E6D7A67007AF459 /* ImageCell.swift */; };
		8953081B1E6D7A67007AF459 /* PermissionsView.swift in Sources */ = {isa = PBXBuildFile; fileRef = 895308081E6D7A67007AF459 /* PermissionsView.swift */; };
		8953081F1E6D7CEC007AF459 /* CameraView.strings in Resources */ = {isa = PBXBuildFile; fileRef = 8953081E1E6D7CEC007AF459 /* CameraView.strings */; };
		896AFA701E8B694E008DE6F5 /* LoginViewController.swift in Sources */ = {isa = PBXBuildFile; fileRef = 896AFA6F1E8B694E008DE6F5 /* LoginViewController.swift */; };
		896AFA731E8BC26E008DE6F5 /* ReUseHeaderFooterView.swift in Sources */ = {isa = PBXBuildFile; fileRef = 896AFA721E8BC26E008DE6F5 /* ReUseHeaderFooterView.swift */; };
		896AFA751E8BC283008DE6F5 /* ReUseHeaderFooterView.xib in Resources */ = {isa = PBXBuildFile; fileRef = 896AFA741E8BC283008DE6F5 /* ReUseHeaderFooterView.xib */; };
		896AFA771E8C9213008DE6F5 /* DetectionTableViewCell.swift in Sources */ = {isa = PBXBuildFile; fileRef = 896AFA761E8C9213008DE6F5 /* DetectionTableViewCell.swift */; };
		896AFA791E8CFAE1008DE6F5 /* MTabBarController.swift in Sources */ = {isa = PBXBuildFile; fileRef = 896AFA781E8CFAE1008DE6F5 /* MTabBarController.swift */; };
		896AFA7B1E8D10F2008DE6F5 /* UINavigationBarExtension.swift in Sources */ = {isa = PBXBuildFile; fileRef = 896AFA7A1E8D10F2008DE6F5 /* UINavigationBarExtension.swift */; };
		8985C79F1E72E63A0075B6F8 /* MineTableViewController.swift in Sources */ = {isa = PBXBuildFile; fileRef = 8985C79E1E72E63A0075B6F8 /* MineTableViewController.swift */; };
		8985C7A21E72E7BC0075B6F8 /* Macro.swift in Sources */ = {isa = PBXBuildFile; fileRef = 8985C7A11E72E7BC0075B6F8 /* Macro.swift */; };
		8985C7A41E72ED850075B6F8 /* Extension.swift in Sources */ = {isa = PBXBuildFile; fileRef = 8985C7A31E72ED850075B6F8 /* Extension.swift */; };
		8985C7A61E72EECA0075B6F8 /* DetectionViewController.swift in Sources */ = {isa = PBXBuildFile; fileRef = 8985C7A51E72EECA0075B6F8 /* DetectionViewController.swift */; };
		8985C7A81E72FCE80075B6F8 /* RecordTableViewController.swift in Sources */ = {isa = PBXBuildFile; fileRef = 8985C7A71E72FCE80075B6F8 /* RecordTableViewController.swift */; };
		8985C7D91E7309D60075B6F8 /* DetectionNewViewController.swift in Sources */ = {isa = PBXBuildFile; fileRef = 8985C7D81E7309D60075B6F8 /* DetectionNewViewController.swift */; };
		898916E51E7E8EBE00BE6848 /* Assets.xcassets in Resources */ = {isa = PBXBuildFile; fileRef = 898916E41E7E8EBE00BE6848 /* Assets.xcassets */; };
		898916E91E7ED5B500BE6848 /* PlaceholderTextView.swift in Sources */ = {isa = PBXBuildFile; fileRef = 898916E81E7ED5B500BE6848 /* PlaceholderTextView.swift */; };
		927BA23DC90FCA9C2D177731 /* Pods_CarDetecion.framework in Frameworks */ = {isa = PBXBuildFile; fileRef = 1E2CC0138EACBF25DE67C2E1 /* Pods_CarDetecion.framework */; };
/* End PBXBuildFile section */

/* Begin PBXContainerItemProxy section */
		895307D71E6D18D9007AF459 /* PBXContainerItemProxy */ = {
			isa = PBXContainerItemProxy;
			containerPortal = 895307B71E6D18D9007AF459 /* Project object */;
			proxyType = 1;
			remoteGlobalIDString = 895307BE1E6D18D9007AF459;
			remoteInfo = CarDetecion;
		};
		895307E21E6D18D9007AF459 /* PBXContainerItemProxy */ = {
			isa = PBXContainerItemProxy;
			containerPortal = 895307B71E6D18D9007AF459 /* Project object */;
			proxyType = 1;
			remoteGlobalIDString = 895307BE1E6D18D9007AF459;
			remoteInfo = CarDetecion;
		};
/* End PBXContainerItemProxy section */

/* Begin PBXFileReference section */
		1E2CC0138EACBF25DE67C2E1 /* Pods_CarDetecion.framework */ = {isa = PBXFileReference; explicitFileType = wrapper.framework; includeInIndex = 0; path = Pods_CarDetecion.framework; sourceTree = BUILT_PRODUCTS_DIR; };
		559B80C1EF4266A3585E999D /* Pods-CarDetecion.debug.xcconfig */ = {isa = PBXFileReference; includeInIndex = 1; lastKnownFileType = text.xcconfig; name = "Pods-CarDetecion.debug.xcconfig"; path = "Pods/Target Support Files/Pods-CarDetecion/Pods-CarDetecion.debug.xcconfig"; sourceTree = "<group>"; };
		7FA2B127C77D69B2B4084750 /* Pods-CarDetecion.release.xcconfig */ = {isa = PBXFileReference; includeInIndex = 1; lastKnownFileType = text.xcconfig; name = "Pods-CarDetecion.release.xcconfig"; path = "Pods/Target Support Files/Pods-CarDetecion/Pods-CarDetecion.release.xcconfig"; sourceTree = "<group>"; };
		893F5F6A1E76EE3100834FA1 /* NetworkManager.swift */ = {isa = PBXFileReference; fileEncoding = 4; lastKnownFileType = sourcecode.swift; path = NetworkManager.swift; sourceTree = "<group>"; };
		894B4BF11E6EDCE600FE9D90 /* TestViewController.swift */ = {isa = PBXFileReference; fileEncoding = 4; lastKnownFileType = sourcecode.swift; path = TestViewController.swift; sourceTree = "<group>"; };
		895307BF1E6D18D9007AF459 /* CarDetecion.app */ = {isa = PBXFileReference; explicitFileType = wrapper.application; includeInIndex = 0; path = CarDetecion.app; sourceTree = BUILT_PRODUCTS_DIR; };
		895307C21E6D18D9007AF459 /* AppDelegate.swift */ = {isa = PBXFileReference; lastKnownFileType = sourcecode.swift; path = AppDelegate.swift; sourceTree = "<group>"; };
		895307C41E6D18D9007AF459 /* ViewController.swift */ = {isa = PBXFileReference; lastKnownFileType = sourcecode.swift; path = ViewController.swift; sourceTree = "<group>"; };
		895307C71E6D18D9007AF459 /* Base */ = {isa = PBXFileReference; lastKnownFileType = file.storyboard; name = Base; path = Base.lproj/Main.storyboard; sourceTree = "<group>"; };
		895307CA1E6D18D9007AF459 /* CarDetecion.xcdatamodel */ = {isa = PBXFileReference; lastKnownFileType = wrapper.xcdatamodel; path = CarDetecion.xcdatamodel; sourceTree = "<group>"; };
		895307CF1E6D18D9007AF459 /* Base */ = {isa = PBXFileReference; lastKnownFileType = file.storyboard; name = Base; path = Base.lproj/LaunchScreen.storyboard; sourceTree = "<group>"; };
		895307D11E6D18D9007AF459 /* Info.plist */ = {isa = PBXFileReference; lastKnownFileType = text.plist.xml; path = Info.plist; sourceTree = "<group>"; };
		895307D61E6D18D9007AF459 /* CarDetecionTests.xctest */ = {isa = PBXFileReference; explicitFileType = wrapper.cfbundle; includeInIndex = 0; path = CarDetecionTests.xctest; sourceTree = BUILT_PRODUCTS_DIR; };
		895307DA1E6D18D9007AF459 /* CarDetecionTests.swift */ = {isa = PBXFileReference; lastKnownFileType = sourcecode.swift; path = CarDetecionTests.swift; sourceTree = "<group>"; };
		895307DC1E6D18D9007AF459 /* Info.plist */ = {isa = PBXFileReference; lastKnownFileType = text.plist.xml; path = Info.plist; sourceTree = "<group>"; };
		895307E11E6D18D9007AF459 /* CarDetecionUITests.xctest */ = {isa = PBXFileReference; explicitFileType = wrapper.cfbundle; includeInIndex = 0; path = CarDetecionUITests.xctest; sourceTree = BUILT_PRODUCTS_DIR; };
		895307E51E6D18D9007AF459 /* CarDetecionUITests.swift */ = {isa = PBXFileReference; lastKnownFileType = sourcecode.swift; path = CarDetecionUITests.swift; sourceTree = "<group>"; };
		895307E71E6D18D9007AF459 /* Info.plist */ = {isa = PBXFileReference; lastKnownFileType = text.plist.xml; path = Info.plist; sourceTree = "<group>"; };
		895307F41E6D7A67007AF459 /* CameraGlobals.swift */ = {isa = PBXFileReference; fileEncoding = 4; lastKnownFileType = sourcecode.swift; path = CameraGlobals.swift; sourceTree = "<group>"; };
		895307F51E6D7A67007AF459 /* CameraShot.swift */ = {isa = PBXFileReference; fileEncoding = 4; lastKnownFileType = sourcecode.swift; path = CameraShot.swift; sourceTree = "<group>"; };
		895307F61E6D7A67007AF459 /* ImageFetcher.swift */ = {isa = PBXFileReference; fileEncoding = 4; lastKnownFileType = sourcecode.swift; path = ImageFetcher.swift; sourceTree = "<group>"; };
		895307F71E6D7A67007AF459 /* PhotoLibraryAuthorizer.swift */ = {isa = PBXFileReference; fileEncoding = 4; lastKnownFileType = sourcecode.swift; path = PhotoLibraryAuthorizer.swift; sourceTree = "<group>"; };
		895307F81E6D7A67007AF459 /* SingleImageFetcher.swift */ = {isa = PBXFileReference; fileEncoding = 4; lastKnownFileType = sourcecode.swift; path = SingleImageFetcher.swift; sourceTree = "<group>"; };
		895307F91E6D7A67007AF459 /* SingleImageSaver.swift */ = {isa = PBXFileReference; fileEncoding = 4; lastKnownFileType = sourcecode.swift; path = SingleImageSaver.swift; sourceTree = "<group>"; };
		895307FA1E6D7A67007AF459 /* UIButtonExtensions.swift */ = {isa = PBXFileReference; fileEncoding = 4; lastKnownFileType = sourcecode.swift; path = UIButtonExtensions.swift; sourceTree = "<group>"; };
		895307FB1E6D7A67007AF459 /* UIViewExtensions.swift */ = {isa = PBXFileReference; fileEncoding = 4; lastKnownFileType = sourcecode.swift; path = UIViewExtensions.swift; sourceTree = "<group>"; };
		895307FC1E6D7A67007AF459 /* Utilities.swift */ = {isa = PBXFileReference; fileEncoding = 4; lastKnownFileType = sourcecode.swift; path = Utilities.swift; sourceTree = "<group>"; };
		895307FD1E6D7A67007AF459 /* VolumeControl.swift */ = {isa = PBXFileReference; fileEncoding = 4; lastKnownFileType = sourcecode.swift; path = VolumeControl.swift; sourceTree = "<group>"; };
		895307FF1E6D7A67007AF459 /* CameraViewController.swift */ = {isa = PBXFileReference; fileEncoding = 4; lastKnownFileType = sourcecode.swift; path = CameraViewController.swift; sourceTree = "<group>"; };
		895308001E6D7A67007AF459 /* CameraViewControllerConstraint.swift */ = {isa = PBXFileReference; fileEncoding = 4; lastKnownFileType = sourcecode.swift; path = CameraViewControllerConstraint.swift; sourceTree = "<group>"; };
		895308011E6D7A67007AF459 /* ConfirmViewController.swift */ = {isa = PBXFileReference; fileEncoding = 4; lastKnownFileType = sourcecode.swift; path = ConfirmViewController.swift; sourceTree = "<group>"; };
		895308021E6D7A67007AF459 /* ConfirmViewController.xib */ = {isa = PBXFileReference; fileEncoding = 4; lastKnownFileType = file.xib; path = ConfirmViewController.xib; sourceTree = "<group>"; };
		895308031E6D7A67007AF459 /* PhotoLibraryViewController.swift */ = {isa = PBXFileReference; fileEncoding = 4; lastKnownFileType = sourcecode.swift; path = PhotoLibraryViewController.swift; sourceTree = "<group>"; };
		895308051E6D7A67007AF459 /* CameraView.swift */ = {isa = PBXFileReference; fileEncoding = 4; lastKnownFileType = sourcecode.swift; path = CameraView.swift; sourceTree = "<group>"; };
		895308061E6D7A67007AF459 /* CropOverlay.swift */ = {isa = PBXFileReference; fileEncoding = 4; lastKnownFileType = sourcecode.swift; path = CropOverlay.swift; sourceTree = "<group>"; };
		895308071E6D7A67007AF459 /* ImageCell.swift */ = {isa = PBXFileReference; fileEncoding = 4; lastKnownFileType = sourcecode.swift; path = ImageCell.swift; sourceTree = "<group>"; };
		895308081E6D7A67007AF459 /* PermissionsView.swift */ = {isa = PBXFileReference; fileEncoding = 4; lastKnownFileType = sourcecode.swift; path = PermissionsView.swift; sourceTree = "<group>"; };
		8953081E1E6D7CEC007AF459 /* CameraView.strings */ = {isa = PBXFileReference; fileEncoding = 4; lastKnownFileType = text.plist.strings; path = CameraView.strings; sourceTree = "<group>"; };
		896AFA6F1E8B694E008DE6F5 /* LoginViewController.swift */ = {isa = PBXFileReference; fileEncoding = 4; lastKnownFileType = sourcecode.swift; path = LoginViewController.swift; sourceTree = "<group>"; };
		896AFA721E8BC26E008DE6F5 /* ReUseHeaderFooterView.swift */ = {isa = PBXFileReference; fileEncoding = 4; lastKnownFileType = sourcecode.swift; path = ReUseHeaderFooterView.swift; sourceTree = "<group>"; };
		896AFA741E8BC283008DE6F5 /* ReUseHeaderFooterView.xib */ = {isa = PBXFileReference; fileEncoding = 4; lastKnownFileType = file.xib; path = ReUseHeaderFooterView.xib; sourceTree = "<group>"; };
		896AFA761E8C9213008DE6F5 /* DetectionTableViewCell.swift */ = {isa = PBXFileReference; fileEncoding = 4; lastKnownFileType = sourcecode.swift; path = DetectionTableViewCell.swift; sourceTree = "<group>"; };
		896AFA781E8CFAE1008DE6F5 /* MTabBarController.swift */ = {isa = PBXFileReference; fileEncoding = 4; lastKnownFileType = sourcecode.swift; path = MTabBarController.swift; sourceTree = "<group>"; };
		896AFA7A1E8D10F2008DE6F5 /* UINavigationBarExtension.swift */ = {isa = PBXFileReference; fileEncoding = 4; lastKnownFileType = sourcecode.swift; path = UINavigationBarExtension.swift; sourceTree = "<group>"; };
		8985C79E1E72E63A0075B6F8 /* MineTableViewController.swift */ = {isa = PBXFileReference; fileEncoding = 4; lastKnownFileType = sourcecode.swift; path = MineTableViewController.swift; sourceTree = "<group>"; };
		8985C7A11E72E7BC0075B6F8 /* Macro.swift */ = {isa = PBXFileReference; fileEncoding = 4; lastKnownFileType = sourcecode.swift; path = Macro.swift; sourceTree = "<group>"; };
		8985C7A31E72ED850075B6F8 /* Extension.swift */ = {isa = PBXFileReference; fileEncoding = 4; lastKnownFileType = sourcecode.swift; path = Extension.swift; sourceTree = "<group>"; };
		8985C7A51E72EECA0075B6F8 /* DetectionViewController.swift */ = {isa = PBXFileReference; fileEncoding = 4; lastKnownFileType = sourcecode.swift; path = DetectionViewController.swift; sourceTree = "<group>"; };
		8985C7A71E72FCE80075B6F8 /* RecordTableViewController.swift */ = {isa = PBXFileReference; fileEncoding = 4; lastKnownFileType = sourcecode.swift; path = RecordTableViewController.swift; sourceTree = "<group>"; };
		8985C7D81E7309D60075B6F8 /* DetectionNewViewController.swift */ = {isa = PBXFileReference; fileEncoding = 4; lastKnownFileType = sourcecode.swift; path = DetectionNewViewController.swift; sourceTree = "<group>"; };
		898916E41E7E8EBE00BE6848 /* Assets.xcassets */ = {isa = PBXFileReference; lastKnownFileType = folder.assetcatalog; path = Assets.xcassets; sourceTree = "<group>"; };
		898916E81E7ED5B500BE6848 /* PlaceholderTextView.swift */ = {isa = PBXFileReference; fileEncoding = 4; lastKnownFileType = sourcecode.swift; path = PlaceholderTextView.swift; sourceTree = "<group>"; };
/* End PBXFileReference section */

/* Begin PBXFrameworksBuildPhase section */
		895307BC1E6D18D9007AF459 /* Frameworks */ = {
			isa = PBXFrameworksBuildPhase;
			buildActionMask = 2147483647;
			files = (
				927BA23DC90FCA9C2D177731 /* Pods_CarDetecion.framework in Frameworks */,
			);
			runOnlyForDeploymentPostprocessing = 0;
		};
		895307D31E6D18D9007AF459 /* Frameworks */ = {
			isa = PBXFrameworksBuildPhase;
			buildActionMask = 2147483647;
			files = (
			);
			runOnlyForDeploymentPostprocessing = 0;
		};
		895307DE1E6D18D9007AF459 /* Frameworks */ = {
			isa = PBXFrameworksBuildPhase;
			buildActionMask = 2147483647;
			files = (
			);
			runOnlyForDeploymentPostprocessing = 0;
		};
/* End PBXFrameworksBuildPhase section */

/* Begin PBXGroup section */
		7E65099CCE598AEFCF1D5905 /* Pods */ = {
			isa = PBXGroup;
			children = (
				559B80C1EF4266A3585E999D /* Pods-CarDetecion.debug.xcconfig */,
				7FA2B127C77D69B2B4084750 /* Pods-CarDetecion.release.xcconfig */,
			);
			name = Pods;
			sourceTree = "<group>";
		};
		895307B61E6D18D9007AF459 = {
			isa = PBXGroup;
			children = (
				895307C11E6D18D9007AF459 /* CarDetecion */,
				895307D91E6D18D9007AF459 /* CarDetecionTests */,
				895307E41E6D18D9007AF459 /* CarDetecionUITests */,
				895307C01E6D18D9007AF459 /* Products */,
				7E65099CCE598AEFCF1D5905 /* Pods */,
				CE73A5DE25C4A173E5A2BDC5 /* Frameworks */,
			);
			sourceTree = "<group>";
		};
		895307C01E6D18D9007AF459 /* Products */ = {
			isa = PBXGroup;
			children = (
				895307BF1E6D18D9007AF459 /* CarDetecion.app */,
				895307D61E6D18D9007AF459 /* CarDetecionTests.xctest */,
				895307E11E6D18D9007AF459 /* CarDetecionUITests.xctest */,
			);
			name = Products;
			sourceTree = "<group>";
		};
		895307C11E6D18D9007AF459 /* CarDetecion */ = {
			isa = PBXGroup;
			children = (
				8985C7A01E72E7800075B6F8 /* Kit */,
				895307F31E6D7A67007AF459 /* Utilities */,
				895307FE1E6D7A67007AF459 /* ViewController */,
				895308041E6D7A67007AF459 /* Views */,
				895307C21E6D18D9007AF459 /* AppDelegate.swift */,
				895307C41E6D18D9007AF459 /* ViewController.swift */,
				895307C61E6D18D9007AF459 /* Main.storyboard */,
				895307CE1E6D18D9007AF459 /* LaunchScreen.storyboard */,
				898916E41E7E8EBE00BE6848 /* Assets.xcassets */,
				895307D11E6D18D9007AF459 /* Info.plist */,
				8953081E1E6D7CEC007AF459 /* CameraView.strings */,
				895307C91E6D18D9007AF459 /* CarDetecion.xcdatamodeld */,
			);
			path = CarDetecion;
			sourceTree = "<group>";
		};
		895307D91E6D18D9007AF459 /* CarDetecionTests */ = {
			isa = PBXGroup;
			children = (
				895307DA1E6D18D9007AF459 /* CarDetecionTests.swift */,
				895307DC1E6D18D9007AF459 /* Info.plist */,
			);
			path = CarDetecionTests;
			sourceTree = "<group>";
		};
		895307E41E6D18D9007AF459 /* CarDetecionUITests */ = {
			isa = PBXGroup;
			children = (
				895307E51E6D18D9007AF459 /* CarDetecionUITests.swift */,
				895307E71E6D18D9007AF459 /* Info.plist */,
			);
			path = CarDetecionUITests;
			sourceTree = "<group>";
		};
		895307F31E6D7A67007AF459 /* Utilities */ = {
			isa = PBXGroup;
			children = (
				895307F41E6D7A67007AF459 /* CameraGlobals.swift */,
				895307F51E6D7A67007AF459 /* CameraShot.swift */,
				895307F61E6D7A67007AF459 /* ImageFetcher.swift */,
				895307F71E6D7A67007AF459 /* PhotoLibraryAuthorizer.swift */,
				895307F81E6D7A67007AF459 /* SingleImageFetcher.swift */,
				895307F91E6D7A67007AF459 /* SingleImageSaver.swift */,
				895307FA1E6D7A67007AF459 /* UIButtonExtensions.swift */,
				895307FB1E6D7A67007AF459 /* UIViewExtensions.swift */,
				895307FC1E6D7A67007AF459 /* Utilities.swift */,
				895307FD1E6D7A67007AF459 /* VolumeControl.swift */,
			);
			path = Utilities;
			sourceTree = "<group>";
		};
		895307FE1E6D7A67007AF459 /* ViewController */ = {
			isa = PBXGroup;
			children = (
				896AFA711E8B6957008DE6F5 /* Login */,
				898916E71E7ECF9100BE6848 /* Record */,
				898916E61E7ECF7B00BE6848 /* Detection */,
				895307FF1E6D7A67007AF459 /* CameraViewController.swift */,
				895308001E6D7A67007AF459 /* CameraViewControllerConstraint.swift */,
				895308011E6D7A67007AF459 /* ConfirmViewController.swift */,
				895308021E6D7A67007AF459 /* ConfirmViewController.xib */,
				895308031E6D7A67007AF459 /* PhotoLibraryViewController.swift */,
				894B4BF11E6EDCE600FE9D90 /* TestViewController.swift */,
				8985C79E1E72E63A0075B6F8 /* MineTableViewController.swift */,
				896AFA781E8CFAE1008DE6F5 /* MTabBarController.swift */,
			);
			path = ViewController;
			sourceTree = "<group>";
		};
		895308041E6D7A67007AF459 /* Views */ = {
			isa = PBXGroup;
			children = (
				898916E81E7ED5B500BE6848 /* PlaceholderTextView.swift */,
				895308051E6D7A67007AF459 /* CameraView.swift */,
				895308061E6D7A67007AF459 /* CropOverlay.swift */,
				895308071E6D7A67007AF459 /* ImageCell.swift */,
				895308081E6D7A67007AF459 /* PermissionsView.swift */,
				896AFA721E8BC26E008DE6F5 /* ReUseHeaderFooterView.swift */,
				896AFA741E8BC283008DE6F5 /* ReUseHeaderFooterView.xib */,
				896AFA761E8C9213008DE6F5 /* DetectionTableViewCell.swift */,
			);
			path = Views;
			sourceTree = "<group>";
		};
		896AFA711E8B6957008DE6F5 /* Login */ = {
			isa = PBXGroup;
			children = (
				896AFA6F1E8B694E008DE6F5 /* LoginViewController.swift */,
			);
			name = Login;
			sourceTree = "<group>";
		};
		8985C7A01E72E7800075B6F8 /* Kit */ = {
			isa = PBXGroup;
			children = (
				8985C7A11E72E7BC0075B6F8 /* Macro.swift */,
				8985C7A31E72ED850075B6F8 /* Extension.swift */,
				893F5F6A1E76EE3100834FA1 /* NetworkManager.swift */,
				896AFA7A1E8D10F2008DE6F5 /* UINavigationBarExtension.swift */,
			);
			path = Kit;
			sourceTree = "<group>";
		};
		898916E61E7ECF7B00BE6848 /* Detection */ = {
			isa = PBXGroup;
			children = (
				8985C7A51E72EECA0075B6F8 /* DetectionViewController.swift */,
				8985C7D81E7309D60075B6F8 /* DetectionNewViewController.swift */,
			);
			name = Detection;
			sourceTree = "<group>";
		};
		898916E71E7ECF9100BE6848 /* Record */ = {
			isa = PBXGroup;
			children = (
				8985C7A71E72FCE80075B6F8 /* RecordTableViewController.swift */,
			);
			name = Record;
			sourceTree = "<group>";
		};
		CE73A5DE25C4A173E5A2BDC5 /* Frameworks */ = {
			isa = PBXGroup;
			children = (
				1E2CC0138EACBF25DE67C2E1 /* Pods_CarDetecion.framework */,
			);
			name = Frameworks;
			sourceTree = "<group>";
		};
/* End PBXGroup section */

/* Begin PBXNativeTarget section */
		895307BE1E6D18D9007AF459 /* CarDetecion */ = {
			isa = PBXNativeTarget;
			buildConfigurationList = 895307EA1E6D18D9007AF459 /* Build configuration list for PBXNativeTarget "CarDetecion" */;
			buildPhases = (
				5B8D72B1EC84C8BB099A8937 /* [CP] Check Pods Manifest.lock */,
				895307BB1E6D18D9007AF459 /* Sources */,
				895307BC1E6D18D9007AF459 /* Frameworks */,
				895307BD1E6D18D9007AF459 /* Resources */,
				6CA38B7F20E2CB71024844D4 /* [CP] Embed Pods Frameworks */,
				D360B67D7AE642A4B8248198 /* [CP] Copy Pods Resources */,
			);
			buildRules = (
			);
			dependencies = (
			);
			name = CarDetecion;
			productName = CarDetecion;
			productReference = 895307BF1E6D18D9007AF459 /* CarDetecion.app */;
			productType = "com.apple.product-type.application";
		};
		895307D51E6D18D9007AF459 /* CarDetecionTests */ = {
			isa = PBXNativeTarget;
			buildConfigurationList = 895307ED1E6D18D9007AF459 /* Build configuration list for PBXNativeTarget "CarDetecionTests" */;
			buildPhases = (
				895307D21E6D18D9007AF459 /* Sources */,
				895307D31E6D18D9007AF459 /* Frameworks */,
				895307D41E6D18D9007AF459 /* Resources */,
			);
			buildRules = (
			);
			dependencies = (
				895307D81E6D18D9007AF459 /* PBXTargetDependency */,
			);
			name = CarDetecionTests;
			productName = CarDetecionTests;
			productReference = 895307D61E6D18D9007AF459 /* CarDetecionTests.xctest */;
			productType = "com.apple.product-type.bundle.unit-test";
		};
		895307E01E6D18D9007AF459 /* CarDetecionUITests */ = {
			isa = PBXNativeTarget;
			buildConfigurationList = 895307F01E6D18D9007AF459 /* Build configuration list for PBXNativeTarget "CarDetecionUITests" */;
			buildPhases = (
				895307DD1E6D18D9007AF459 /* Sources */,
				895307DE1E6D18D9007AF459 /* Frameworks */,
				895307DF1E6D18D9007AF459 /* Resources */,
			);
			buildRules = (
			);
			dependencies = (
				895307E31E6D18D9007AF459 /* PBXTargetDependency */,
			);
			name = CarDetecionUITests;
			productName = CarDetecionUITests;
			productReference = 895307E11E6D18D9007AF459 /* CarDetecionUITests.xctest */;
			productType = "com.apple.product-type.bundle.ui-testing";
		};
/* End PBXNativeTarget section */

/* Begin PBXProject section */
		895307B71E6D18D9007AF459 /* Project object */ = {
			isa = PBXProject;
			attributes = {
				LastSwiftUpdateCheck = 0820;
				LastUpgradeCheck = 0820;
				ORGANIZATIONNAME = inewhome;
				TargetAttributes = {
					895307BE1E6D18D9007AF459 = {
						CreatedOnToolsVersion = 8.2.1;
						DevelopmentTeam = YQ94G6GXWQ;
						ProvisioningStyle = Automatic;
					};
					895307D51E6D18D9007AF459 = {
						CreatedOnToolsVersion = 8.2.1;
						ProvisioningStyle = Automatic;
						TestTargetID = 895307BE1E6D18D9007AF459;
					};
					895307E01E6D18D9007AF459 = {
						CreatedOnToolsVersion = 8.2.1;
						ProvisioningStyle = Automatic;
						TestTargetID = 895307BE1E6D18D9007AF459;
					};
				};
			};
			buildConfigurationList = 895307BA1E6D18D9007AF459 /* Build configuration list for PBXProject "CarDetecion" */;
			compatibilityVersion = "Xcode 3.2";
			developmentRegion = English;
			hasScannedForEncodings = 0;
			knownRegions = (
				en,
				Base,
			);
			mainGroup = 895307B61E6D18D9007AF459;
			productRefGroup = 895307C01E6D18D9007AF459 /* Products */;
			projectDirPath = "";
			projectRoot = "";
			targets = (
				895307BE1E6D18D9007AF459 /* CarDetecion */,
				895307D51E6D18D9007AF459 /* CarDetecionTests */,
				895307E01E6D18D9007AF459 /* CarDetecionUITests */,
			);
		};
/* End PBXProject section */

/* Begin PBXResourcesBuildPhase section */
		895307BD1E6D18D9007AF459 /* Resources */ = {
			isa = PBXResourcesBuildPhase;
			buildActionMask = 2147483647;
			files = (
				895307D01E6D18D9007AF459 /* LaunchScreen.storyboard in Resources */,
				8953081F1E6D7CEC007AF459 /* CameraView.strings in Resources */,
				895307C81E6D18D9007AF459 /* Main.storyboard in Resources */,
				895308161E6D7A67007AF459 /* ConfirmViewController.xib in Resources */,
				898916E51E7E8EBE00BE6848 /* Assets.xcassets in Resources */,
				896AFA751E8BC283008DE6F5 /* ReUseHeaderFooterView.xib in Resources */,
			);
			runOnlyForDeploymentPostprocessing = 0;
		};
		895307D41E6D18D9007AF459 /* Resources */ = {
			isa = PBXResourcesBuildPhase;
			buildActionMask = 2147483647;
			files = (
			);
			runOnlyForDeploymentPostprocessing = 0;
		};
		895307DF1E6D18D9007AF459 /* Resources */ = {
			isa = PBXResourcesBuildPhase;
			buildActionMask = 2147483647;
			files = (
			);
			runOnlyForDeploymentPostprocessing = 0;
		};
/* End PBXResourcesBuildPhase section */

/* Begin PBXShellScriptBuildPhase section */
		5B8D72B1EC84C8BB099A8937 /* [CP] Check Pods Manifest.lock */ = {
			isa = PBXShellScriptBuildPhase;
			buildActionMask = 2147483647;
			files = (
			);
			inputPaths = (
			);
			name = "[CP] Check Pods Manifest.lock";
			outputPaths = (
			);
			runOnlyForDeploymentPostprocessing = 0;
			shellPath = /bin/sh;
			shellScript = "diff \"${PODS_PODFILE_DIR_PATH}/Podfile.lock\" \"${PODS_ROOT}/Manifest.lock\" > /dev/null\nif [ $? != 0 ] ; then\n    # print error to STDERR\n    echo \"error: The sandbox is not in sync with the Podfile.lock. Run 'pod install' or update your CocoaPods installation.\" >&2\n    exit 1\nfi\n";
			showEnvVarsInLog = 0;
		};
		6CA38B7F20E2CB71024844D4 /* [CP] Embed Pods Frameworks */ = {
			isa = PBXShellScriptBuildPhase;
			buildActionMask = 2147483647;
			files = (
			);
			inputPaths = (
			);
			name = "[CP] Embed Pods Frameworks";
			outputPaths = (
			);
			runOnlyForDeploymentPostprocessing = 0;
			shellPath = /bin/sh;
			shellScript = "\"${SRCROOT}/Pods/Target Support Files/Pods-CarDetecion/Pods-CarDetecion-frameworks.sh\"\n";
			showEnvVarsInLog = 0;
		};
		D360B67D7AE642A4B8248198 /* [CP] Copy Pods Resources */ = {
			isa = PBXShellScriptBuildPhase;
			buildActionMask = 2147483647;
			files = (
			);
			inputPaths = (
			);
			name = "[CP] Copy Pods Resources";
			outputPaths = (
			);
			runOnlyForDeploymentPostprocessing = 0;
			shellPath = /bin/sh;
			shellScript = "\"${SRCROOT}/Pods/Target Support Files/Pods-CarDetecion/Pods-CarDetecion-resources.sh\"\n";
			showEnvVarsInLog = 0;
		};
/* End PBXShellScriptBuildPhase section */

/* Begin PBXSourcesBuildPhase section */
		895307BB1E6D18D9007AF459 /* Sources */ = {
			isa = PBXSourcesBuildPhase;
			buildActionMask = 2147483647;
			files = (
				895308101E6D7A67007AF459 /* UIViewExtensions.swift in Sources */,
				896AFA791E8CFAE1008DE6F5 /* MTabBarController.swift in Sources */,
				8953080C1E6D7A67007AF459 /* PhotoLibraryAuthorizer.swift in Sources */,
				894B4BF21E6EDCE600FE9D90 /* TestViewController.swift in Sources */,
				896AFA7B1E8D10F2008DE6F5 /* UINavigationBarExtension.swift in Sources */,
				8953080D1E6D7A67007AF459 /* SingleImageFetcher.swift in Sources */,
				896AFA771E8C9213008DE6F5 /* DetectionTableViewCell.swift in Sources */,
				895308181E6D7A67007AF459 /* CameraView.swift in Sources */,
				895308151E6D7A67007AF459 /* ConfirmViewController.swift in Sources */,
				896AFA731E8BC26E008DE6F5 /* ReUseHeaderFooterView.swift in Sources */,
				8953080E1E6D7A67007AF459 /* SingleImageSaver.swift in Sources */,
				898916E91E7ED5B500BE6848 /* PlaceholderTextView.swift in Sources */,
				8985C7A81E72FCE80075B6F8 /* RecordTableViewController.swift in Sources */,
				895308191E6D7A67007AF459 /* CropOverlay.swift in Sources */,
				8985C79F1E72E63A0075B6F8 /* MineTableViewController.swift in Sources */,
				8953080A1E6D7A67007AF459 /* CameraShot.swift in Sources */,
				8985C7A41E72ED850075B6F8 /* Extension.swift in Sources */,
				895307C51E6D18D9007AF459 /* ViewController.swift in Sources */,
				8953081A1E6D7A67007AF459 /* ImageCell.swift in Sources */,
				896AFA701E8B694E008DE6F5 /* LoginViewController.swift in Sources */,
				895308171E6D7A67007AF459 /* PhotoLibraryViewController.swift in Sources */,
				8985C7A61E72EECA0075B6F8 /* DetectionViewController.swift in Sources */,
				895308121E6D7A67007AF459 /* VolumeControl.swift in Sources */,
				893F5F6B1E76EE3100834FA1 /* NetworkManager.swift in Sources */,
				895308111E6D7A67007AF459 /* Utilities.swift in Sources */,
				8953080F1E6D7A67007AF459 /* UIButtonExtensions.swift in Sources */,
				8985C7A21E72E7BC0075B6F8 /* Macro.swift in Sources */,
				8985C7D91E7309D60075B6F8 /* DetectionNewViewController.swift in Sources */,
				895307CB1E6D18D9007AF459 /* CarDetecion.xcdatamodeld in Sources */,
				8953080B1E6D7A67007AF459 /* ImageFetcher.swift in Sources */,
				895308131E6D7A67007AF459 /* CameraViewController.swift in Sources */,
				895307C31E6D18D9007AF459 /* AppDelegate.swift in Sources */,
				895308091E6D7A67007AF459 /* CameraGlobals.swift in Sources */,
				8953081B1E6D7A67007AF459 /* PermissionsView.swift in Sources */,
				895308141E6D7A67007AF459 /* CameraViewControllerConstraint.swift in Sources */,
			);
			runOnlyForDeploymentPostprocessing = 0;
		};
		895307D21E6D18D9007AF459 /* Sources */ = {
			isa = PBXSourcesBuildPhase;
			buildActionMask = 2147483647;
			files = (
				895307DB1E6D18D9007AF459 /* CarDetecionTests.swift in Sources */,
			);
			runOnlyForDeploymentPostprocessing = 0;
		};
		895307DD1E6D18D9007AF459 /* Sources */ = {
			isa = PBXSourcesBuildPhase;
			buildActionMask = 2147483647;
			files = (
				895307E61E6D18D9007AF459 /* CarDetecionUITests.swift in Sources */,
			);
			runOnlyForDeploymentPostprocessing = 0;
		};
/* End PBXSourcesBuildPhase section */

/* Begin PBXTargetDependency section */
		895307D81E6D18D9007AF459 /* PBXTargetDependency */ = {
			isa = PBXTargetDependency;
			target = 895307BE1E6D18D9007AF459 /* CarDetecion */;
			targetProxy = 895307D71E6D18D9007AF459 /* PBXContainerItemProxy */;
		};
		895307E31E6D18D9007AF459 /* PBXTargetDependency */ = {
			isa = PBXTargetDependency;
			target = 895307BE1E6D18D9007AF459 /* CarDetecion */;
			targetProxy = 895307E21E6D18D9007AF459 /* PBXContainerItemProxy */;
		};
/* End PBXTargetDependency section */

/* Begin PBXVariantGroup section */
		895307C61E6D18D9007AF459 /* Main.storyboard */ = {
			isa = PBXVariantGroup;
			children = (
				895307C71E6D18D9007AF459 /* Base */,
			);
			name = Main.storyboard;
			sourceTree = "<group>";
		};
		895307CE1E6D18D9007AF459 /* LaunchScreen.storyboard */ = {
			isa = PBXVariantGroup;
			children = (
				895307CF1E6D18D9007AF459 /* Base */,
			);
			name = LaunchScreen.storyboard;
			sourceTree = "<group>";
		};
/* End PBXVariantGroup section */

/* Begin XCBuildConfiguration section */
		895307E81E6D18D9007AF459 /* Debug */ = {
			isa = XCBuildConfiguration;
			buildSettings = {
				ALWAYS_SEARCH_USER_PATHS = NO;
				CLANG_ANALYZER_NONNULL = YES;
				CLANG_CXX_LANGUAGE_STANDARD = "gnu++0x";
				CLANG_CXX_LIBRARY = "libc++";
				CLANG_ENABLE_MODULES = YES;
				CLANG_ENABLE_OBJC_ARC = YES;
				CLANG_WARN_BOOL_CONVERSION = YES;
				CLANG_WARN_CONSTANT_CONVERSION = YES;
				CLANG_WARN_DIRECT_OBJC_ISA_USAGE = YES_ERROR;
				CLANG_WARN_DOCUMENTATION_COMMENTS = YES;
				CLANG_WARN_EMPTY_BODY = YES;
				CLANG_WARN_ENUM_CONVERSION = YES;
				CLANG_WARN_INFINITE_RECURSION = YES;
				CLANG_WARN_INT_CONVERSION = YES;
				CLANG_WARN_OBJC_ROOT_CLASS = YES_ERROR;
				CLANG_WARN_SUSPICIOUS_MOVE = YES;
				CLANG_WARN_UNREACHABLE_CODE = YES;
				CLANG_WARN__DUPLICATE_METHOD_MATCH = YES;
				"CODE_SIGN_IDENTITY[sdk=iphoneos*]" = "iPhone Developer";
				COPY_PHASE_STRIP = NO;
				DEBUG_INFORMATION_FORMAT = dwarf;
				ENABLE_STRICT_OBJC_MSGSEND = YES;
				ENABLE_TESTABILITY = YES;
				GCC_C_LANGUAGE_STANDARD = gnu99;
				GCC_DYNAMIC_NO_PIC = NO;
				GCC_NO_COMMON_BLOCKS = YES;
				GCC_OPTIMIZATION_LEVEL = 0;
				GCC_PREPROCESSOR_DEFINITIONS = (
					"DEBUG=1",
					"$(inherited)",
				);
				GCC_WARN_64_TO_32_BIT_CONVERSION = YES;
				GCC_WARN_ABOUT_RETURN_TYPE = YES_ERROR;
				GCC_WARN_UNDECLARED_SELECTOR = YES;
				GCC_WARN_UNINITIALIZED_AUTOS = YES_AGGRESSIVE;
				GCC_WARN_UNUSED_FUNCTION = YES;
				GCC_WARN_UNUSED_VARIABLE = YES;
				IPHONEOS_DEPLOYMENT_TARGET = 8.0;
				MTL_ENABLE_DEBUG_INFO = YES;
				ONLY_ACTIVE_ARCH = YES;
				SDKROOT = iphoneos;
				SWIFT_ACTIVE_COMPILATION_CONDITIONS = DEBUG;
				SWIFT_OPTIMIZATION_LEVEL = "-Onone";
				TARGETED_DEVICE_FAMILY = "1,2";
			};
			name = Debug;
		};
		895307E91E6D18D9007AF459 /* Release */ = {
			isa = XCBuildConfiguration;
			buildSettings = {
				ALWAYS_SEARCH_USER_PATHS = NO;
				CLANG_ANALYZER_NONNULL = YES;
				CLANG_CXX_LANGUAGE_STANDARD = "gnu++0x";
				CLANG_CXX_LIBRARY = "libc++";
				CLANG_ENABLE_MODULES = YES;
				CLANG_ENABLE_OBJC_ARC = YES;
				CLANG_WARN_BOOL_CONVERSION = YES;
				CLANG_WARN_CONSTANT_CONVERSION = YES;
				CLANG_WARN_DIRECT_OBJC_ISA_USAGE = YES_ERROR;
				CLANG_WARN_DOCUMENTATION_COMMENTS = YES;
				CLANG_WARN_EMPTY_BODY = YES;
				CLANG_WARN_ENUM_CONVERSION = YES;
				CLANG_WARN_INFINITE_RECURSION = YES;
				CLANG_WARN_INT_CONVERSION = YES;
				CLANG_WARN_OBJC_ROOT_CLASS = YES_ERROR;
				CLANG_WARN_SUSPICIOUS_MOVE = YES;
				CLANG_WARN_UNREACHABLE_CODE = YES;
				CLANG_WARN__DUPLICATE_METHOD_MATCH = YES;
				"CODE_SIGN_IDENTITY[sdk=iphoneos*]" = "iPhone Developer";
				COPY_PHASE_STRIP = NO;
				DEBUG_INFORMATION_FORMAT = "dwarf-with-dsym";
				ENABLE_NS_ASSERTIONS = NO;
				ENABLE_STRICT_OBJC_MSGSEND = YES;
				GCC_C_LANGUAGE_STANDARD = gnu99;
				GCC_NO_COMMON_BLOCKS = YES;
				GCC_WARN_64_TO_32_BIT_CONVERSION = YES;
				GCC_WARN_ABOUT_RETURN_TYPE = YES_ERROR;
				GCC_WARN_UNDECLARED_SELECTOR = YES;
				GCC_WARN_UNINITIALIZED_AUTOS = YES_AGGRESSIVE;
				GCC_WARN_UNUSED_FUNCTION = YES;
				GCC_WARN_UNUSED_VARIABLE = YES;
				IPHONEOS_DEPLOYMENT_TARGET = 8.0;
				MTL_ENABLE_DEBUG_INFO = NO;
				SDKROOT = iphoneos;
				SWIFT_OPTIMIZATION_LEVEL = "-Owholemodule";
				TARGETED_DEVICE_FAMILY = "1,2";
				VALIDATE_PRODUCT = YES;
			};
			name = Release;
		};
		895307EB1E6D18D9007AF459 /* Debug */ = {
			isa = XCBuildConfiguration;
			baseConfigurationReference = 559B80C1EF4266A3585E999D /* Pods-CarDetecion.debug.xcconfig */;
			buildSettings = {
				ASSETCATALOG_COMPILER_APPICON_NAME = AppIcon;
				DEVELOPMENT_TEAM = YQ94G6GXWQ;
				INFOPLIST_FILE = CarDetecion/Info.plist;
				IPHONEOS_DEPLOYMENT_TARGET = 8.0;
				LD_RUNPATH_SEARCH_PATHS = "$(inherited) @executable_path/Frameworks";
				PRODUCT_BUNDLE_IDENTIFIER = com.inewhome.CarDetection;
				PRODUCT_NAME = "$(TARGET_NAME)";
				SWIFT_VERSION = 3.0;
			};
			name = Debug;
		};
		895307EC1E6D18D9007AF459 /* Release */ = {
			isa = XCBuildConfiguration;
			baseConfigurationReference = 7FA2B127C77D69B2B4084750 /* Pods-CarDetecion.release.xcconfig */;
			buildSettings = {
				ASSETCATALOG_COMPILER_APPICON_NAME = AppIcon;
				DEVELOPMENT_TEAM = YQ94G6GXWQ;
				INFOPLIST_FILE = CarDetecion/Info.plist;
				IPHONEOS_DEPLOYMENT_TARGET = 8.0;
				LD_RUNPATH_SEARCH_PATHS = "$(inherited) @executable_path/Frameworks";
				PRODUCT_BUNDLE_IDENTIFIER = com.inewhome.CarDetection;
				PRODUCT_NAME = "$(TARGET_NAME)";
				SWIFT_VERSION = 3.0;
			};
			name = Release;
		};
		895307EE1E6D18D9007AF459 /* Debug */ = {
			isa = XCBuildConfiguration;
			buildSettings = {
				ALWAYS_EMBED_SWIFT_STANDARD_LIBRARIES = YES;
				BUNDLE_LOADER = "$(TEST_HOST)";
				INFOPLIST_FILE = CarDetecionTests/Info.plist;
				LD_RUNPATH_SEARCH_PATHS = "$(inherited) @executable_path/Frameworks @loader_path/Frameworks";
				PRODUCT_BUNDLE_IDENTIFIER = com.inewhome.CarDetecionTests;
				PRODUCT_NAME = "$(TARGET_NAME)";
				SWIFT_VERSION = 3.0;
				TEST_HOST = "$(BUILT_PRODUCTS_DIR)/CarDetecion.app/CarDetecion";
			};
			name = Debug;
		};
		895307EF1E6D18D9007AF459 /* Release */ = {
			isa = XCBuildConfiguration;
			buildSettings = {
				ALWAYS_EMBED_SWIFT_STANDARD_LIBRARIES = YES;
				BUNDLE_LOADER = "$(TEST_HOST)";
				INFOPLIST_FILE = CarDetecionTests/Info.plist;
				LD_RUNPATH_SEARCH_PATHS = "$(inherited) @executable_path/Frameworks @loader_path/Frameworks";
				PRODUCT_BUNDLE_IDENTIFIER = com.inewhome.CarDetecionTests;
				PRODUCT_NAME = "$(TARGET_NAME)";
				SWIFT_VERSION = 3.0;
				TEST_HOST = "$(BUILT_PRODUCTS_DIR)/CarDetecion.app/CarDetecion";
			};
			name = Release;
		};
		895307F11E6D18D9007AF459 /* Debug */ = {
			isa = XCBuildConfiguration;
			buildSettings = {
				ALWAYS_EMBED_SWIFT_STANDARD_LIBRARIES = YES;
				INFOPLIST_FILE = CarDetecionUITests/Info.plist;
				LD_RUNPATH_SEARCH_PATHS = "$(inherited) @executable_path/Frameworks @loader_path/Frameworks";
				PRODUCT_BUNDLE_IDENTIFIER = com.inewhome.CarDetecionUITests;
				PRODUCT_NAME = "$(TARGET_NAME)";
				SWIFT_VERSION = 3.0;
				TEST_TARGET_NAME = CarDetecion;
			};
			name = Debug;
		};
		895307F21E6D18D9007AF459 /* Release */ = {
			isa = XCBuildConfiguration;
			buildSettings = {
				ALWAYS_EMBED_SWIFT_STANDARD_LIBRARIES = YES;
				INFOPLIST_FILE = CarDetecionUITests/Info.plist;
				LD_RUNPATH_SEARCH_PATHS = "$(inherited) @executable_path/Frameworks @loader_path/Frameworks";
				PRODUCT_BUNDLE_IDENTIFIER = com.inewhome.CarDetecionUITests;
				PRODUCT_NAME = "$(TARGET_NAME)";
				SWIFT_VERSION = 3.0;
				TEST_TARGET_NAME = CarDetecion;
			};
			name = Release;
		};
/* End XCBuildConfiguration section */

/* Begin XCConfigurationList section */
		895307BA1E6D18D9007AF459 /* Build configuration list for PBXProject "CarDetecion" */ = {
			isa = XCConfigurationList;
			buildConfigurations = (
				895307E81E6D18D9007AF459 /* Debug */,
				895307E91E6D18D9007AF459 /* Release */,
			);
			defaultConfigurationIsVisible = 0;
			defaultConfigurationName = Release;
		};
		895307EA1E6D18D9007AF459 /* Build configuration list for PBXNativeTarget "CarDetecion" */ = {
			isa = XCConfigurationList;
			buildConfigurations = (
				895307EB1E6D18D9007AF459 /* Debug */,
				895307EC1E6D18D9007AF459 /* Release */,
			);
			defaultConfigurationIsVisible = 0;
			defaultConfigurationName = Release;
		};
		895307ED1E6D18D9007AF459 /* Build configuration list for PBXNativeTarget "CarDetecionTests" */ = {
			isa = XCConfigurationList;
			buildConfigurations = (
				895307EE1E6D18D9007AF459 /* Debug */,
				895307EF1E6D18D9007AF459 /* Release */,
			);
			defaultConfigurationIsVisible = 0;
			defaultConfigurationName = Release;
		};
		895307F01E6D18D9007AF459 /* Build configuration list for PBXNativeTarget "CarDetecionUITests" */ = {
			isa = XCConfigurationList;
			buildConfigurations = (
				895307F11E6D18D9007AF459 /* Debug */,
				895307F21E6D18D9007AF459 /* Release */,
			);
			defaultConfigurationIsVisible = 0;
			defaultConfigurationName = Release;
		};
/* End XCConfigurationList section */

/* Begin XCVersionGroup section */
		895307C91E6D18D9007AF459 /* CarDetecion.xcdatamodeld */ = {
			isa = XCVersionGroup;
			children = (
				895307CA1E6D18D9007AF459 /* CarDetecion.xcdatamodel */,
			);
			currentVersion = 895307CA1E6D18D9007AF459 /* CarDetecion.xcdatamodel */;
			path = CarDetecion.xcdatamodeld;
			sourceTree = "<group>";
			versionGroupType = wrapper.xcdatamodel;
		};
/* End XCVersionGroup section */
	};
	rootObject = 895307B71E6D18D9007AF459 /* Project object */;
}
